// !$*UTF8*$!
{
	archiveVersion = 1;
	classes = {
	};
	objectVersion = 77;
	objects = {

/* Begin PBXBuildFile section */
		4E48A0F07D1E79ABADC76D76 /* Pods_StatusApp.framework in Frameworks */ = {isa = PBXBuildFile; fileRef = C3F2AA40D2FDEE5F442052D7 /* Pods_StatusApp.framework */; };
		65201C752DA4383900775CFC /* SplashViewController.swift in Sources */ = {isa = PBXBuildFile; fileRef = 65201C742DA4383900775CFC /* SplashViewController.swift */; };
		65201C772DA4411A00775CFC /* HealthCardCell.swift in Sources */ = {isa = PBXBuildFile; fileRef = 65201C762DA4411A00775CFC /* HealthCardCell.swift */; };
		6535249A2DA117B2004C0372 /* Localizable.strings in Resources */ = {isa = PBXBuildFile; fileRef = 653524982DA117B2004C0372 /* Localizable.strings */; };
		653524A12DA12BF2004C0372 /* CustomConsentInfoStepViewController.swift in Sources */ = {isa = PBXBuildFile; fileRef = 653524A02DA12BF2004C0372 /* CustomConsentInfoStepViewController.swift */; };
		653524A32DA145F0004C0372 /* CustomConsentReviewStepViewController.swift in Sources */ = {isa = PBXBuildFile; fileRef = 653524A22DA145F0004C0372 /* CustomConsentReviewStepViewController.swift */; };
		653524A62DA18466004C0372 /* Consent.html in Resources */ = {isa = PBXBuildFile; fileRef = 653524A52DA18466004C0372 /* Consent.html */; };
		65403F4F2DA28F3F0050047A /* UserProfile.swift in Sources */ = {isa = PBXBuildFile; fileRef = 65403F4E2DA28F3F0050047A /* UserProfile.swift */; };
		65403F532DA2C1E80050047A /* HealthKitManager.swift in Sources */ = {isa = PBXBuildFile; fileRef = 65403F522DA2C1E80050047A /* HealthKitManager.swift */; };
		65A2C7302D9C4F4E0055F2A8 /* ResearchKit.framework in Frameworks */ = {isa = PBXBuildFile; fileRef = 65CD5C952D9C4AB700F2CEB0 /* ResearchKit.framework */; };
		65A342E62DA2E450009FC844 /* MainTabBarController.swift in Sources */ = {isa = PBXBuildFile; fileRef = 65A342E52DA2E450009FC844 /* MainTabBarController.swift */; };
		65A342EB2DA2E5A8009FC844 /* HomeViewController.swift in Sources */ = {isa = PBXBuildFile; fileRef = 65A342EA2DA2E5A8009FC844 /* HomeViewController.swift */; };
		65A342ED2DA2E5B5009FC844 /* ChartsViewController.swift in Sources */ = {isa = PBXBuildFile; fileRef = 65A342EC2DA2E5B5009FC844 /* ChartsViewController.swift */; };
		65A342EF2DA2E5BD009FC844 /* SurveysViewController.swift in Sources */ = {isa = PBXBuildFile; fileRef = 65A342EE2DA2E5BD009FC844 /* SurveysViewController.swift */; };
		65A342F12DA2E5C5009FC844 /* ProfileViewController.swift in Sources */ = {isa = PBXBuildFile; fileRef = 65A342F02DA2E5C5009FC844 /* ProfileViewController.swift */; };
		65BD8CF12DA03A07002B1DE9 /* OnboardingConstants.swift in Sources */ = {isa = PBXBuildFile; fileRef = 65BD8CF02DA03A07002B1DE9 /* OnboardingConstants.swift */; };
		65BD8CF32DA03A18002B1DE9 /* OnboardingTaskFactory.swift in Sources */ = {isa = PBXBuildFile; fileRef = 65BD8CF22DA03A18002B1DE9 /* OnboardingTaskFactory.swift */; };
		65BD8CF52DA03A23002B1DE9 /* OnboardingViewController.swift in Sources */ = {isa = PBXBuildFile; fileRef = 65BD8CF42DA03A23002B1DE9 /* OnboardingViewController.swift */; };
		65BD8CF72DA03A40002B1DE9 /* CustomIntroStepViewController.swift in Sources */ = {isa = PBXBuildFile; fileRef = 65BD8CF62DA03A40002B1DE9 /* CustomIntroStepViewController.swift */; };
		65BD8D0B2DA03AD4002B1DE9 /* AvenirNextCyr-Regular.ttf in Resources */ = {isa = PBXBuildFile; fileRef = 65BD8D062DA03AD4002B1DE9 /* AvenirNextCyr-Regular.ttf */; };
		65BD8D0C2DA03AD4002B1DE9 /* AvenirNextCyr-ThinItalic.ttf in Resources */ = {isa = PBXBuildFile; fileRef = 65BD8D082DA03AD4002B1DE9 /* AvenirNextCyr-ThinItalic.ttf */; };
		65BD8D0D2DA03AD4002B1DE9 /* AvenirNextCyr-LightItalic.ttf in Resources */ = {isa = PBXBuildFile; fileRef = 65BD8D032DA03AD4002B1DE9 /* AvenirNextCyr-LightItalic.ttf */; };
		65BD8D0E2DA03AD4002B1DE9 /* AvenirNextCyr-Bold.ttf in Resources */ = {isa = PBXBuildFile; fileRef = 65BD8CFB2DA03AD4002B1DE9 /* AvenirNextCyr-Bold.ttf */; };
		65BD8D0F2DA03AD4002B1DE9 /* AvenirNextCyr-Medium.ttf in Resources */ = {isa = PBXBuildFile; fileRef = 65BD8D042DA03AD4002B1DE9 /* AvenirNextCyr-Medium.ttf */; };
		65BD8D102DA03AD4002B1DE9 /* AvenirNextCyr-HeavyItalic.ttf in Resources */ = {isa = PBXBuildFile; fileRef = 65BD8D002DA03AD4002B1DE9 /* AvenirNextCyr-HeavyItalic.ttf */; };
		65BD8D112DA03AD4002B1DE9 /* AvenirNextCyr-UltraLightIt.ttf in Resources */ = {isa = PBXBuildFile; fileRef = 65BD8D0A2DA03AD4002B1DE9 /* AvenirNextCyr-UltraLightIt.ttf */; };
		65BD8D122DA03AD4002B1DE9 /* AvenirNextCyr-Demi.ttf in Resources */ = {isa = PBXBuildFile; fileRef = 65BD8CFD2DA03AD4002B1DE9 /* AvenirNextCyr-Demi.ttf */; };
		65BD8D132DA03AD4002B1DE9 /* AvenirNextCyr-Thin.ttf in Resources */ = {isa = PBXBuildFile; fileRef = 65BD8D072DA03AD4002B1DE9 /* AvenirNextCyr-Thin.ttf */; };
		65BD8D142DA03AD4002B1DE9 /* AvenirNextCyr-UltraLight.ttf in Resources */ = {isa = PBXBuildFile; fileRef = 65BD8D092DA03AD4002B1DE9 /* AvenirNextCyr-UltraLight.ttf */; };
		65BD8D152DA03AD4002B1DE9 /* AvenirNextCyr-MediumItalic.ttf in Resources */ = {isa = PBXBuildFile; fileRef = 65BD8D052DA03AD4002B1DE9 /* AvenirNextCyr-MediumItalic.ttf */; };
		65BD8D162DA03AD4002B1DE9 /* AvenirNextCyr-DemiItalic.ttf in Resources */ = {isa = PBXBuildFile; fileRef = 65BD8CFE2DA03AD4002B1DE9 /* AvenirNextCyr-DemiItalic.ttf */; };
		65BD8D172DA03AD4002B1DE9 /* AvenirNextCyr-Heavy.ttf in Resources */ = {isa = PBXBuildFile; fileRef = 65BD8CFF2DA03AD4002B1DE9 /* AvenirNextCyr-Heavy.ttf */; };
		65BD8D182DA03AD4002B1DE9 /* AvenirNextCyr-Light.ttf in Resources */ = {isa = PBXBuildFile; fileRef = 65BD8D022DA03AD4002B1DE9 /* AvenirNextCyr-Light.ttf */; };
		65BD8D192DA03AD4002B1DE9 /* AvenirNextCyr-Italic.ttf in Resources */ = {isa = PBXBuildFile; fileRef = 65BD8D012DA03AD4002B1DE9 /* AvenirNextCyr-Italic.ttf */; };
		65BD8D1A2DA03AD4002B1DE9 /* AvenirNextCyr-BoldItalic.ttf in Resources */ = {isa = PBXBuildFile; fileRef = 65BD8CFC2DA03AD4002B1DE9 /* AvenirNextCyr-BoldItalic.ttf */; };
		65BD8D1E2DA03B29002B1DE9 /* welcome.json in Sources */ = {isa = PBXBuildFile; fileRef = 65BD8D1D2DA03B26002B1DE9 /* welcome.json */; };
		65BD8D212DA03E9E002B1DE9 /* AppColor.swift in Sources */ = {isa = PBXBuildFile; fileRef = 65BD8D202DA03E9E002B1DE9 /* AppColor.swift */; };
		65BD8D232DA03F8E002B1DE9 /* AppFont.swift in Sources */ = {isa = PBXBuildFile; fileRef = 65BD8D222DA03F8E002B1DE9 /* AppFont.swift */; };
		65BD8D252DA03FB0002B1DE9 /* Constants.swift in Sources */ = {isa = PBXBuildFile; fileRef = 65BD8D242DA03FB0002B1DE9 /* Constants.swift */; };
		65BD8D262DA04838002B1DE9 /* welcome.json in Resources */ = {isa = PBXBuildFile; fileRef = 65BD8D1D2DA03B26002B1DE9 /* welcome.json */; };
		65C0E6832DA280CF005BB1DF /* CustomPersonalDataStepViewController.swift in Sources */ = {isa = PBXBuildFile; fileRef = 65C0E6822DA280CF005BB1DF /* CustomPersonalDataStepViewController.swift */; };
		65CD5C8E2D9C482600F2CEB0 /* AppDelegate.swift in Sources */ = {isa = PBXBuildFile; fileRef = 65CD5C842D9C482600F2CEB0 /* AppDelegate.swift */; };
		65CD5C902D9C482600F2CEB0 /* SceneDelegate.swift in Sources */ = {isa = PBXBuildFile; fileRef = 65CD5C8C2D9C482600F2CEB0 /* SceneDelegate.swift */; };
		65CD5C912D9C482600F2CEB0 /* Assets.xcassets in Resources */ = {isa = PBXBuildFile; fileRef = 65CD5C852D9C482600F2CEB0 /* Assets.xcassets */; };
		65CD5C932D9C482600F2CEB0 /* LaunchScreen.storyboard in Resources */ = {isa = PBXBuildFile; fileRef = 65CD5C882D9C482600F2CEB0 /* LaunchScreen.storyboard */; };
/* End PBXBuildFile section */

/* Begin PBXFileReference section */
		2329313F81A98364F32E6A88 /* Pods-StatusApp.release.xcconfig */ = {isa = PBXFileReference; includeInIndex = 1; lastKnownFileType = text.xcconfig; name = "Pods-StatusApp.release.xcconfig"; path = "Target Support Files/Pods-StatusApp/Pods-StatusApp.release.xcconfig"; sourceTree = "<group>"; };
		44B9B8487F0D9E001692121F /* Pods-StatusApp.debug.xcconfig */ = {isa = PBXFileReference; includeInIndex = 1; lastKnownFileType = text.xcconfig; name = "Pods-StatusApp.debug.xcconfig"; path = "Target Support Files/Pods-StatusApp/Pods-StatusApp.debug.xcconfig"; sourceTree = "<group>"; };
		65201C742DA4383900775CFC /* SplashViewController.swift */ = {isa = PBXFileReference; lastKnownFileType = sourcecode.swift; path = SplashViewController.swift; sourceTree = "<group>"; };
		65201C762DA4411A00775CFC /* HealthCardCell.swift */ = {isa = PBXFileReference; lastKnownFileType = sourcecode.swift; path = HealthCardCell.swift; sourceTree = "<group>"; };
		653524992DA117B2004C0372 /* it */ = {isa = PBXFileReference; lastKnownFileType = text.plist.strings; name = it; path = it.lproj/Localizable.strings; sourceTree = "<group>"; };
		653524A02DA12BF2004C0372 /* CustomConsentInfoStepViewController.swift */ = {isa = PBXFileReference; lastKnownFileType = sourcecode.swift; path = CustomConsentInfoStepViewController.swift; sourceTree = "<group>"; };
		653524A22DA145F0004C0372 /* CustomConsentReviewStepViewController.swift */ = {isa = PBXFileReference; lastKnownFileType = sourcecode.swift; path = CustomConsentReviewStepViewController.swift; sourceTree = "<group>"; };
		653524A52DA18466004C0372 /* Consent.html */ = {isa = PBXFileReference; lastKnownFileType = text.html; path = Consent.html; sourceTree = "<group>"; };
		65403F4E2DA28F3F0050047A /* UserProfile.swift */ = {isa = PBXFileReference; lastKnownFileType = sourcecode.swift; path = UserProfile.swift; sourceTree = "<group>"; };
		65403F502DA2C1640050047A /* StatusApp.entitlements */ = {isa = PBXFileReference; lastKnownFileType = text.plist.entitlements; path = StatusApp.entitlements; sourceTree = "<group>"; };
		65403F522DA2C1E80050047A /* HealthKitManager.swift */ = {isa = PBXFileReference; lastKnownFileType = sourcecode.swift; path = HealthKitManager.swift; sourceTree = "<group>"; };
		65A342E52DA2E450009FC844 /* MainTabBarController.swift */ = {isa = PBXFileReference; lastKnownFileType = sourcecode.swift; path = MainTabBarController.swift; sourceTree = "<group>"; };
		65A342EA2DA2E5A8009FC844 /* HomeViewController.swift */ = {isa = PBXFileReference; lastKnownFileType = sourcecode.swift; path = HomeViewController.swift; sourceTree = "<group>"; };
		65A342EC2DA2E5B5009FC844 /* ChartsViewController.swift */ = {isa = PBXFileReference; lastKnownFileType = sourcecode.swift; path = ChartsViewController.swift; sourceTree = "<group>"; };
		65A342EE2DA2E5BD009FC844 /* SurveysViewController.swift */ = {isa = PBXFileReference; lastKnownFileType = sourcecode.swift; path = SurveysViewController.swift; sourceTree = "<group>"; };
		65A342F02DA2E5C5009FC844 /* ProfileViewController.swift */ = {isa = PBXFileReference; lastKnownFileType = sourcecode.swift; path = ProfileViewController.swift; sourceTree = "<group>"; };
		65BD8CF02DA03A07002B1DE9 /* OnboardingConstants.swift */ = {isa = PBXFileReference; lastKnownFileType = sourcecode.swift; path = OnboardingConstants.swift; sourceTree = "<group>"; };
		65BD8CF22DA03A18002B1DE9 /* OnboardingTaskFactory.swift */ = {isa = PBXFileReference; lastKnownFileType = sourcecode.swift; path = OnboardingTaskFactory.swift; sourceTree = "<group>"; };
		65BD8CF42DA03A23002B1DE9 /* OnboardingViewController.swift */ = {isa = PBXFileReference; lastKnownFileType = sourcecode.swift; path = OnboardingViewController.swift; sourceTree = "<group>"; };
		65BD8CF62DA03A40002B1DE9 /* CustomIntroStepViewController.swift */ = {isa = PBXFileReference; lastKnownFileType = sourcecode.swift; path = CustomIntroStepViewController.swift; sourceTree = "<group>"; };
		65BD8CFB2DA03AD4002B1DE9 /* AvenirNextCyr-Bold.ttf */ = {isa = PBXFileReference; lastKnownFileType = file; path = "AvenirNextCyr-Bold.ttf"; sourceTree = "<group>"; };
		65BD8CFC2DA03AD4002B1DE9 /* AvenirNextCyr-BoldItalic.ttf */ = {isa = PBXFileReference; lastKnownFileType = file; path = "AvenirNextCyr-BoldItalic.ttf"; sourceTree = "<group>"; };
		65BD8CFD2DA03AD4002B1DE9 /* AvenirNextCyr-Demi.ttf */ = {isa = PBXFileReference; lastKnownFileType = file; path = "AvenirNextCyr-Demi.ttf"; sourceTree = "<group>"; };
		65BD8CFE2DA03AD4002B1DE9 /* AvenirNextCyr-DemiItalic.ttf */ = {isa = PBXFileReference; lastKnownFileType = file; path = "AvenirNextCyr-DemiItalic.ttf"; sourceTree = "<group>"; };
		65BD8CFF2DA03AD4002B1DE9 /* AvenirNextCyr-Heavy.ttf */ = {isa = PBXFileReference; lastKnownFileType = file; path = "AvenirNextCyr-Heavy.ttf"; sourceTree = "<group>"; };
		65BD8D002DA03AD4002B1DE9 /* AvenirNextCyr-HeavyItalic.ttf */ = {isa = PBXFileReference; lastKnownFileType = file; path = "AvenirNextCyr-HeavyItalic.ttf"; sourceTree = "<group>"; };
		65BD8D012DA03AD4002B1DE9 /* AvenirNextCyr-Italic.ttf */ = {isa = PBXFileReference; lastKnownFileType = file; path = "AvenirNextCyr-Italic.ttf"; sourceTree = "<group>"; };
		65BD8D022DA03AD4002B1DE9 /* AvenirNextCyr-Light.ttf */ = {isa = PBXFileReference; lastKnownFileType = file; path = "AvenirNextCyr-Light.ttf"; sourceTree = "<group>"; };
		65BD8D032DA03AD4002B1DE9 /* AvenirNextCyr-LightItalic.ttf */ = {isa = PBXFileReference; lastKnownFileType = file; path = "AvenirNextCyr-LightItalic.ttf"; sourceTree = "<group>"; };
		65BD8D042DA03AD4002B1DE9 /* AvenirNextCyr-Medium.ttf */ = {isa = PBXFileReference; lastKnownFileType = file; path = "AvenirNextCyr-Medium.ttf"; sourceTree = "<group>"; };
		65BD8D052DA03AD4002B1DE9 /* AvenirNextCyr-MediumItalic.ttf */ = {isa = PBXFileReference; lastKnownFileType = file; path = "AvenirNextCyr-MediumItalic.ttf"; sourceTree = "<group>"; };
		65BD8D062DA03AD4002B1DE9 /* AvenirNextCyr-Regular.ttf */ = {isa = PBXFileReference; lastKnownFileType = file; path = "AvenirNextCyr-Regular.ttf"; sourceTree = "<group>"; };
		65BD8D072DA03AD4002B1DE9 /* AvenirNextCyr-Thin.ttf */ = {isa = PBXFileReference; lastKnownFileType = file; path = "AvenirNextCyr-Thin.ttf"; sourceTree = "<group>"; };
		65BD8D082DA03AD4002B1DE9 /* AvenirNextCyr-ThinItalic.ttf */ = {isa = PBXFileReference; lastKnownFileType = file; path = "AvenirNextCyr-ThinItalic.ttf"; sourceTree = "<group>"; };
		65BD8D092DA03AD4002B1DE9 /* AvenirNextCyr-UltraLight.ttf */ = {isa = PBXFileReference; lastKnownFileType = file; path = "AvenirNextCyr-UltraLight.ttf"; sourceTree = "<group>"; };
		65BD8D0A2DA03AD4002B1DE9 /* AvenirNextCyr-UltraLightIt.ttf */ = {isa = PBXFileReference; lastKnownFileType = file; path = "AvenirNextCyr-UltraLightIt.ttf"; sourceTree = "<group>"; };
		65BD8D1D2DA03B26002B1DE9 /* welcome.json */ = {isa = PBXFileReference; lastKnownFileType = text.json; path = welcome.json; sourceTree = "<group>"; };
		65BD8D202DA03E9E002B1DE9 /* AppColor.swift */ = {isa = PBXFileReference; lastKnownFileType = sourcecode.swift; path = AppColor.swift; sourceTree = "<group>"; };
		65BD8D222DA03F8E002B1DE9 /* AppFont.swift */ = {isa = PBXFileReference; lastKnownFileType = sourcecode.swift; path = AppFont.swift; sourceTree = "<group>"; };
		65BD8D242DA03FB0002B1DE9 /* Constants.swift */ = {isa = PBXFileReference; lastKnownFileType = sourcecode.swift; path = Constants.swift; sourceTree = "<group>"; };
		65C0E6822DA280CF005BB1DF /* CustomPersonalDataStepViewController.swift */ = {isa = PBXFileReference; lastKnownFileType = sourcecode.swift; path = CustomPersonalDataStepViewController.swift; sourceTree = "<group>"; };
		65CD5C4C2D9C3C3F00F2CEB0 /* StatusApp.app */ = {isa = PBXFileReference; explicitFileType = wrapper.application; includeInIndex = 0; path = StatusApp.app; sourceTree = BUILT_PRODUCTS_DIR; };
		65CD5C842D9C482600F2CEB0 /* AppDelegate.swift */ = {isa = PBXFileReference; lastKnownFileType = sourcecode.swift; path = AppDelegate.swift; sourceTree = "<group>"; };
		65CD5C852D9C482600F2CEB0 /* Assets.xcassets */ = {isa = PBXFileReference; lastKnownFileType = folder.assetcatalog; path = Assets.xcassets; sourceTree = "<group>"; };
		65CD5C862D9C482600F2CEB0 /* Info.plist */ = {isa = PBXFileReference; lastKnownFileType = text.plist.xml; path = Info.plist; sourceTree = "<group>"; };
		65CD5C872D9C482600F2CEB0 /* Base */ = {isa = PBXFileReference; lastKnownFileType = file.storyboard; name = Base; path = Base.lproj/LaunchScreen.storyboard; sourceTree = "<group>"; };
		65CD5C8C2D9C482600F2CEB0 /* SceneDelegate.swift */ = {isa = PBXFileReference; lastKnownFileType = sourcecode.swift; path = SceneDelegate.swift; sourceTree = "<group>"; };
		65CD5C952D9C4AB700F2CEB0 /* ResearchKit.framework */ = {isa = PBXFileReference; explicitFileType = wrapper.framework; path = ResearchKit.framework; sourceTree = BUILT_PRODUCTS_DIR; };
		C3F2AA40D2FDEE5F442052D7 /* Pods_StatusApp.framework */ = {isa = PBXFileReference; explicitFileType = wrapper.framework; includeInIndex = 0; path = Pods_StatusApp.framework; sourceTree = BUILT_PRODUCTS_DIR; };
/* End PBXFileReference section */

/* Begin PBXFrameworksBuildPhase section */
		65CD5C492D9C3C3F00F2CEB0 /* Frameworks */ = {
			isa = PBXFrameworksBuildPhase;
			buildActionMask = 2147483647;
			files = (
				65A2C7302D9C4F4E0055F2A8 /* ResearchKit.framework in Frameworks */,
				4E48A0F07D1E79ABADC76D76 /* Pods_StatusApp.framework in Frameworks */,
			);
			runOnlyForDeploymentPostprocessing = 0;
		};
/* End PBXFrameworksBuildPhase section */

/* Begin PBXGroup section */
		120CCD821BA31717E186E2F4 /* Frameworks */ = {
			isa = PBXGroup;
			children = (
				65CD5C952D9C4AB700F2CEB0 /* ResearchKit.framework */,
				C3F2AA40D2FDEE5F442052D7 /* Pods_StatusApp.framework */,
			);
			name = Frameworks;
			sourceTree = "<group>";
		};
		3FFC48B796846DBA175BFC38 /* Pods */ = {
			isa = PBXGroup;
			children = (
				44B9B8487F0D9E001692121F /* Pods-StatusApp.debug.xcconfig */,
				2329313F81A98364F32E6A88 /* Pods-StatusApp.release.xcconfig */,
			);
			path = Pods;
			sourceTree = "<group>";
		};
		653524832DA11569004C0372 /* Localization */ = {
			isa = PBXGroup;
			children = (
				653524982DA117B2004C0372 /* Localizable.strings */,
			);
			path = Localization;
			sourceTree = "<group>";
		};
		653524A42DA18454004C0372 /* Files */ = {
			isa = PBXGroup;
			children = (
				653524A52DA18466004C0372 /* Consent.html */,
			);
			path = Files;
			sourceTree = "<group>";
		};
		65403F512DA2C1D80050047A /* Managers */ = {
			isa = PBXGroup;
			children = (
				65403F522DA2C1E80050047A /* HealthKitManager.swift */,
			);
			path = Managers;
			sourceTree = "<group>";
		};
		65A342E72DA2E52D009FC844 /* View */ = {
			isa = PBXGroup;
			children = (
				65201C742DA4383900775CFC /* SplashViewController.swift */,
				65A342F02DA2E5C5009FC844 /* ProfileViewController.swift */,
				65A342EE2DA2E5BD009FC844 /* SurveysViewController.swift */,
				65A342EC2DA2E5B5009FC844 /* ChartsViewController.swift */,
				65A342EA2DA2E5A8009FC844 /* HomeViewController.swift */,
				65A342E52DA2E450009FC844 /* MainTabBarController.swift */,
			);
			path = View;
			sourceTree = "<group>";
		};
		65A342E82DA2E535009FC844 /* Model */ = {
			isa = PBXGroup;
			children = (
				65201C762DA4411A00775CFC /* HealthCardCell.swift */,
				65403F4E2DA28F3F0050047A /* UserProfile.swift */,
			);
			path = Model;
			sourceTree = "<group>";
		};
		65A342E92DA2E562009FC844 /* Controller */ = {
			isa = PBXGroup;
			children = (
				65403F512DA2C1D80050047A /* Managers */,
			);
			path = Controller;
			sourceTree = "<group>";
		};
		65BD8CED2DA039D0002B1DE9 /* App */ = {
			isa = PBXGroup;
			children = (
				65CD5C842D9C482600F2CEB0 /* AppDelegate.swift */,
				65CD5C882D9C482600F2CEB0 /* LaunchScreen.storyboard */,
				65CD5C8C2D9C482600F2CEB0 /* SceneDelegate.swift */,
			);
			path = App;
			sourceTree = "<group>";
		};
		65BD8CEE2DA039E9002B1DE9 /* Onboarding */ = {
			isa = PBXGroup;
			children = (
				65BD8CF42DA03A23002B1DE9 /* OnboardingViewController.swift */,
				65BD8CF22DA03A18002B1DE9 /* OnboardingTaskFactory.swift */,
				65BD8CEF2DA039FA002B1DE9 /* UI */,
			);
			path = Onboarding;
			sourceTree = "<group>";
		};
		65BD8CEF2DA039FA002B1DE9 /* UI */ = {
			isa = PBXGroup;
			children = (
				65C0E6822DA280CF005BB1DF /* CustomPersonalDataStepViewController.swift */,
				653524A22DA145F0004C0372 /* CustomConsentReviewStepViewController.swift */,
				653524A02DA12BF2004C0372 /* CustomConsentInfoStepViewController.swift */,
				65BD8CF62DA03A40002B1DE9 /* CustomIntroStepViewController.swift */,
			);
			path = UI;
			sourceTree = "<group>";
		};
		65BD8CF82DA03AB9002B1DE9 /* Resources */ = {
			isa = PBXGroup;
			children = (
				653524A42DA18454004C0372 /* Files */,
				653524832DA11569004C0372 /* Localization */,
				65BD8CFA2DA03AC8002B1DE9 /* Fonts */,
				65BD8CF92DA03AC0002B1DE9 /* Animations */,
			);
			path = Resources;
			sourceTree = "<group>";
		};
		65BD8CF92DA03AC0002B1DE9 /* Animations */ = {
			isa = PBXGroup;
			children = (
				65BD8D1D2DA03B26002B1DE9 /* welcome.json */,
			);
			path = Animations;
			sourceTree = "<group>";
		};
		65BD8CFA2DA03AC8002B1DE9 /* Fonts */ = {
			isa = PBXGroup;
			children = (
				65BD8CFB2DA03AD4002B1DE9 /* AvenirNextCyr-Bold.ttf */,
				65BD8CFC2DA03AD4002B1DE9 /* AvenirNextCyr-BoldItalic.ttf */,
				65BD8CFD2DA03AD4002B1DE9 /* AvenirNextCyr-Demi.ttf */,
				65BD8CFE2DA03AD4002B1DE9 /* AvenirNextCyr-DemiItalic.ttf */,
				65BD8CFF2DA03AD4002B1DE9 /* AvenirNextCyr-Heavy.ttf */,
				65BD8D002DA03AD4002B1DE9 /* AvenirNextCyr-HeavyItalic.ttf */,
				65BD8D012DA03AD4002B1DE9 /* AvenirNextCyr-Italic.ttf */,
				65BD8D022DA03AD4002B1DE9 /* AvenirNextCyr-Light.ttf */,
				65BD8D032DA03AD4002B1DE9 /* AvenirNextCyr-LightItalic.ttf */,
				65BD8D042DA03AD4002B1DE9 /* AvenirNextCyr-Medium.ttf */,
				65BD8D052DA03AD4002B1DE9 /* AvenirNextCyr-MediumItalic.ttf */,
				65BD8D062DA03AD4002B1DE9 /* AvenirNextCyr-Regular.ttf */,
				65BD8D072DA03AD4002B1DE9 /* AvenirNextCyr-Thin.ttf */,
				65BD8D082DA03AD4002B1DE9 /* AvenirNextCyr-ThinItalic.ttf */,
				65BD8D092DA03AD4002B1DE9 /* AvenirNextCyr-UltraLight.ttf */,
				65BD8D0A2DA03AD4002B1DE9 /* AvenirNextCyr-UltraLightIt.ttf */,
			);
			path = Fonts;
			sourceTree = "<group>";
		};
		65BD8D1F2DA03E4A002B1DE9 /* Utils */ = {
			isa = PBXGroup;
			children = (
				65BD8D242DA03FB0002B1DE9 /* Constants.swift */,
				65BD8D222DA03F8E002B1DE9 /* AppFont.swift */,
				65BD8D202DA03E9E002B1DE9 /* AppColor.swift */,
				65BD8CF02DA03A07002B1DE9 /* OnboardingConstants.swift */,
			);
			path = Utils;
			sourceTree = "<group>";
		};
		65CD5C432D9C3C3F00F2CEB0 = {
			isa = PBXGroup;
			children = (
				65CD5C8D2D9C482600F2CEB0 /* StatusApp */,
				65CD5C852D9C482600F2CEB0 /* Assets.xcassets */,
				65CD5C862D9C482600F2CEB0 /* Info.plist */,
				65CD5C4D2D9C3C3F00F2CEB0 /* Products */,
				3FFC48B796846DBA175BFC38 /* Pods */,
				120CCD821BA31717E186E2F4 /* Frameworks */,
			);
			sourceTree = "<group>";
		};
		65CD5C4D2D9C3C3F00F2CEB0 /* Products */ = {
			isa = PBXGroup;
			children = (
				65CD5C4C2D9C3C3F00F2CEB0 /* StatusApp.app */,
			);
			name = Products;
			sourceTree = "<group>";
		};
		65CD5C8D2D9C482600F2CEB0 /* StatusApp */ = {
			isa = PBXGroup;
			children = (
				65403F502DA2C1640050047A /* StatusApp.entitlements */,
				65A342E92DA2E562009FC844 /* Controller */,
				65A342E82DA2E535009FC844 /* Model */,
				65A342E72DA2E52D009FC844 /* View */,
				65BD8CEE2DA039E9002B1DE9 /* Onboarding */,
				65BD8CED2DA039D0002B1DE9 /* App */,
				65BD8D1F2DA03E4A002B1DE9 /* Utils */,
				65BD8CF82DA03AB9002B1DE9 /* Resources */,
			);
			path = StatusApp;
			sourceTree = "<group>";
		};
/* End PBXGroup section */

/* Begin PBXNativeTarget section */
		65CD5C4B2D9C3C3F00F2CEB0 /* StatusApp */ = {
			isa = PBXNativeTarget;
			buildConfigurationList = 65CD5C5F2D9C3C3F00F2CEB0 /* Build configuration list for PBXNativeTarget "StatusApp" */;
			buildPhases = (
				5EBE1EBD5C7D0DA5AFC95B76 /* [CP] Check Pods Manifest.lock */,
				65CD5C482D9C3C3F00F2CEB0 /* Sources */,
				65CD5C492D9C3C3F00F2CEB0 /* Frameworks */,
				65CD5C4A2D9C3C3F00F2CEB0 /* Resources */,
				8ED003C0F314F0DD0D4AA681 /* [CP] Embed Pods Frameworks */,
			);
			buildRules = (
			);
			dependencies = (
			);
			name = StatusApp;
			productName = StatusApp;
			productReference = 65CD5C4C2D9C3C3F00F2CEB0 /* StatusApp.app */;
			productType = "com.apple.product-type.application";
		};
/* End PBXNativeTarget section */

/* Begin PBXProject section */
		65CD5C442D9C3C3F00F2CEB0 /* Project object */ = {
			isa = PBXProject;
			attributes = {
				BuildIndependentTargetsInParallel = 1;
				LastSwiftUpdateCheck = 1600;
				LastUpgradeCheck = 1600;
				TargetAttributes = {
					65CD5C4B2D9C3C3F00F2CEB0 = {
						CreatedOnToolsVersion = 16.0;
					};
				};
			};
			buildConfigurationList = 65CD5C472D9C3C3F00F2CEB0 /* Build configuration list for PBXProject "StatusApp" */;
			developmentRegion = it;
			hasScannedForEncodings = 0;
			knownRegions = (
				en,
				Base,
				it,
			);
			mainGroup = 65CD5C432D9C3C3F00F2CEB0;
			minimizedProjectReferenceProxies = 1;
			preferredProjectObjectVersion = 77;
			productRefGroup = 65CD5C4D2D9C3C3F00F2CEB0 /* Products */;
			projectDirPath = "";
			projectRoot = "";
			targets = (
				65CD5C4B2D9C3C3F00F2CEB0 /* StatusApp */,
			);
		};
/* End PBXProject section */

/* Begin PBXResourcesBuildPhase section */
		65CD5C4A2D9C3C3F00F2CEB0 /* Resources */ = {
			isa = PBXResourcesBuildPhase;
			buildActionMask = 2147483647;
			files = (
				65BD8D262DA04838002B1DE9 /* welcome.json in Resources */,
				65CD5C912D9C482600F2CEB0 /* Assets.xcassets in Resources */,
				65CD5C932D9C482600F2CEB0 /* LaunchScreen.storyboard in Resources */,
				65BD8D0B2DA03AD4002B1DE9 /* AvenirNextCyr-Regular.ttf in Resources */,
				65BD8D0C2DA03AD4002B1DE9 /* AvenirNextCyr-ThinItalic.ttf in Resources */,
				6535249A2DA117B2004C0372 /* Localizable.strings in Resources */,
				65BD8D0D2DA03AD4002B1DE9 /* AvenirNextCyr-LightItalic.ttf in Resources */,
				65BD8D0E2DA03AD4002B1DE9 /* AvenirNextCyr-Bold.ttf in Resources */,
				65BD8D0F2DA03AD4002B1DE9 /* AvenirNextCyr-Medium.ttf in Resources */,
				65BD8D102DA03AD4002B1DE9 /* AvenirNextCyr-HeavyItalic.ttf in Resources */,
				65BD8D112DA03AD4002B1DE9 /* AvenirNextCyr-UltraLightIt.ttf in Resources */,
				65BD8D122DA03AD4002B1DE9 /* AvenirNextCyr-Demi.ttf in Resources */,
				65BD8D132DA03AD4002B1DE9 /* AvenirNextCyr-Thin.ttf in Resources */,
				65BD8D142DA03AD4002B1DE9 /* AvenirNextCyr-UltraLight.ttf in Resources */,
				65BD8D152DA03AD4002B1DE9 /* AvenirNextCyr-MediumItalic.ttf in Resources */,
				65BD8D162DA03AD4002B1DE9 /* AvenirNextCyr-DemiItalic.ttf in Resources */,
				65BD8D172DA03AD4002B1DE9 /* AvenirNextCyr-Heavy.ttf in Resources */,
				65BD8D182DA03AD4002B1DE9 /* AvenirNextCyr-Light.ttf in Resources */,
				65BD8D192DA03AD4002B1DE9 /* AvenirNextCyr-Italic.ttf in Resources */,
				65BD8D1A2DA03AD4002B1DE9 /* AvenirNextCyr-BoldItalic.ttf in Resources */,
				653524A62DA18466004C0372 /* Consent.html in Resources */,
			);
			runOnlyForDeploymentPostprocessing = 0;
		};
/* End PBXResourcesBuildPhase section */

/* Begin PBXShellScriptBuildPhase section */
		5EBE1EBD5C7D0DA5AFC95B76 /* [CP] Check Pods Manifest.lock */ = {
			isa = PBXShellScriptBuildPhase;
			buildActionMask = 2147483647;
			files = (
			);
			inputFileListPaths = (
			);
			inputPaths = (
				"${PODS_PODFILE_DIR_PATH}/Podfile.lock",
				"${PODS_ROOT}/Manifest.lock",
			);
			name = "[CP] Check Pods Manifest.lock";
			outputFileListPaths = (
			);
			outputPaths = (
				"$(DERIVED_FILE_DIR)/Pods-StatusApp-checkManifestLockResult.txt",
			);
			runOnlyForDeploymentPostprocessing = 0;
			shellPath = /bin/sh;
			shellScript = "diff \"${PODS_PODFILE_DIR_PATH}/Podfile.lock\" \"${PODS_ROOT}/Manifest.lock\" > /dev/null\nif [ $? != 0 ] ; then\n    # print error to STDERR\n    echo \"error: The sandbox is not in sync with the Podfile.lock. Run 'pod install' or update your CocoaPods installation.\" >&2\n    exit 1\nfi\n# This output is used by Xcode 'outputs' to avoid re-running this script phase.\necho \"SUCCESS\" > \"${SCRIPT_OUTPUT_FILE_0}\"\n";
			showEnvVarsInLog = 0;
		};
		8ED003C0F314F0DD0D4AA681 /* [CP] Embed Pods Frameworks */ = {
			isa = PBXShellScriptBuildPhase;
			buildActionMask = 2147483647;
			files = (
			);
			inputFileListPaths = (
				"${PODS_ROOT}/Target Support Files/Pods-StatusApp/Pods-StatusApp-frameworks-${CONFIGURATION}-input-files.xcfilelist",
			);
			name = "[CP] Embed Pods Frameworks";
			outputFileListPaths = (
				"${PODS_ROOT}/Target Support Files/Pods-StatusApp/Pods-StatusApp-frameworks-${CONFIGURATION}-output-files.xcfilelist",
			);
			runOnlyForDeploymentPostprocessing = 0;
			shellPath = /bin/sh;
			shellScript = "\"${PODS_ROOT}/Target Support Files/Pods-StatusApp/Pods-StatusApp-frameworks.sh\"\n";
			showEnvVarsInLog = 0;
		};
/* End PBXShellScriptBuildPhase section */

/* Begin PBXSourcesBuildPhase section */
		65CD5C482D9C3C3F00F2CEB0 /* Sources */ = {
			isa = PBXSourcesBuildPhase;
			buildActionMask = 2147483647;
			files = (
				653524A32DA145F0004C0372 /* CustomConsentReviewStepViewController.swift in Sources */,
				65BD8D252DA03FB0002B1DE9 /* Constants.swift in Sources */,
				65A342F12DA2E5C5009FC844 /* ProfileViewController.swift in Sources */,
				65403F4F2DA28F3F0050047A /* UserProfile.swift in Sources */,
				65A342ED2DA2E5B5009FC844 /* ChartsViewController.swift in Sources */,
				65A342EB2DA2E5A8009FC844 /* HomeViewController.swift in Sources */,
				65A342EF2DA2E5BD009FC844 /* SurveysViewController.swift in Sources */,
				65BD8CF12DA03A07002B1DE9 /* OnboardingConstants.swift in Sources */,
				65BD8D212DA03E9E002B1DE9 /* AppColor.swift in Sources */,
				65201C772DA4411A00775CFC /* HealthCardCell.swift in Sources */,
				65BD8D232DA03F8E002B1DE9 /* AppFont.swift in Sources */,
				65CD5C8E2D9C482600F2CEB0 /* AppDelegate.swift in Sources */,
				653524A12DA12BF2004C0372 /* CustomConsentInfoStepViewController.swift in Sources */,
				65201C752DA4383900775CFC /* SplashViewController.swift in Sources */,
				65403F532DA2C1E80050047A /* HealthKitManager.swift in Sources */,
				65C0E6832DA280CF005BB1DF /* CustomPersonalDataStepViewController.swift in Sources */,
				65BD8CF72DA03A40002B1DE9 /* CustomIntroStepViewController.swift in Sources */,
				65BD8CF52DA03A23002B1DE9 /* OnboardingViewController.swift in Sources */,
				65CD5C902D9C482600F2CEB0 /* SceneDelegate.swift in Sources */,
				65BD8D1E2DA03B29002B1DE9 /* welcome.json in Sources */,
				65BD8CF32DA03A18002B1DE9 /* OnboardingTaskFactory.swift in Sources */,
				65A342E62DA2E450009FC844 /* MainTabBarController.swift in Sources */,
			);
			runOnlyForDeploymentPostprocessing = 0;
		};
/* End PBXSourcesBuildPhase section */

/* Begin PBXVariantGroup section */
		653524982DA117B2004C0372 /* Localizable.strings */ = {
			isa = PBXVariantGroup;
			children = (
				653524992DA117B2004C0372 /* it */,
			);
			name = Localizable.strings;
			sourceTree = "<group>";
		};
		65CD5C882D9C482600F2CEB0 /* LaunchScreen.storyboard */ = {
			isa = PBXVariantGroup;
			children = (
				65CD5C872D9C482600F2CEB0 /* Base */,
			);
			name = LaunchScreen.storyboard;
			sourceTree = "<group>";
		};
/* End PBXVariantGroup section */

/* Begin XCBuildConfiguration section */
		65CD5C602D9C3C3F00F2CEB0 /* Debug */ = {
			isa = XCBuildConfiguration;
			baseConfigurationReference = 44B9B8487F0D9E001692121F /* Pods-StatusApp.debug.xcconfig */;
			buildSettings = {
				ASSETCATALOG_COMPILER_APPICON_NAME = AppIcon;
				ASSETCATALOG_COMPILER_GLOBAL_ACCENT_COLOR_NAME = AccentColor;
				CODE_SIGN_ENTITLEMENTS = StatusApp/StatusApp.entitlements;
				CODE_SIGN_STYLE = Automatic;
				CURRENT_PROJECT_VERSION = 1;
				DEVELOPMENT_TEAM = WQ886393P2;
				ENABLE_USER_SCRIPT_SANDBOXING = NO;
				GENERATE_INFOPLIST_FILE = YES;
				INFOPLIST_FILE = StatusApp/Info.plist;
				INFOPLIST_KEY_NSHealthClinicalHealthRecordsShareUsageDescription = "";
				INFOPLIST_KEY_NSHealthShareUsageDescription = "L'app richiede l'accesso ai tuoi dati sanitari per personalizzare l’esperienza e supportare la ricerca.";
				INFOPLIST_KEY_NSHealthUpdateUsageDescription = "L'app può salvare dati sanitari come attività o sonno, per migliorare il tuo benessere.";
				INFOPLIST_KEY_UIApplicationSupportsIndirectInputEvents = YES;
				INFOPLIST_KEY_UILaunchStoryboardName = LaunchScreen;
				INFOPLIST_KEY_UIMainStoryboardFile = "";
				INFOPLIST_KEY_UISupportedInterfaceOrientations = "UIInterfaceOrientationPortrait UIInterfaceOrientationPortraitUpsideDown";
				IPHONEOS_DEPLOYMENT_TARGET = 18.0;
				LD_RUNPATH_SEARCH_PATHS = (
					"$(inherited)",
					"@executable_path/Frameworks",
				);
				MARKETING_VERSION = 1.0;
				OTHER_SWIFT_FLAGS = "$(inherited) -DCOCOAPODS -DORK_ENABLE_VIDEO";
				PRODUCT_BUNDLE_IDENTIFIER = com.todisco.StatusApp;
				PRODUCT_NAME = "$(TARGET_NAME)";
				SUPPORTED_PLATFORMS = "iphoneos iphonesimulator";
				SUPPORTS_MACCATALYST = NO;
				SUPPORTS_MAC_DESIGNED_FOR_IPHONE_IPAD = NO;
				SUPPORTS_XR_DESIGNED_FOR_IPHONE_IPAD = NO;
				SWIFT_EMIT_LOC_STRINGS = YES;
				SWIFT_VERSION = 5.0;
				TARGETED_DEVICE_FAMILY = "1,2";
			};
			name = Debug;
		};
		65CD5C612D9C3C3F00F2CEB0 /* Release */ = {
			isa = XCBuildConfiguration;
			baseConfigurationReference = 2329313F81A98364F32E6A88 /* Pods-StatusApp.release.xcconfig */;
			buildSettings = {
				ASSETCATALOG_COMPILER_APPICON_NAME = AppIcon;
				ASSETCATALOG_COMPILER_GLOBAL_ACCENT_COLOR_NAME = AccentColor;
				CODE_SIGN_ENTITLEMENTS = StatusApp/StatusApp.entitlements;
				CODE_SIGN_STYLE = Automatic;
				CURRENT_PROJECT_VERSION = 1;
				DEVELOPMENT_TEAM = WQ886393P2;
				ENABLE_USER_SCRIPT_SANDBOXING = NO;
				GENERATE_INFOPLIST_FILE = YES;
				INFOPLIST_FILE = StatusApp/Info.plist;
				INFOPLIST_KEY_NSHealthClinicalHealthRecordsShareUsageDescription = "";
				INFOPLIST_KEY_NSHealthShareUsageDescription = "L'app richiede l'accesso ai tuoi dati sanitari per personalizzare l’esperienza e supportare la ricerca.";
				INFOPLIST_KEY_NSHealthUpdateUsageDescription = "L'app può salvare dati sanitari come attività o sonno, per migliorare il tuo benessere.";
				INFOPLIST_KEY_UIApplicationSupportsIndirectInputEvents = YES;
				INFOPLIST_KEY_UILaunchStoryboardName = LaunchScreen;
				INFOPLIST_KEY_UIMainStoryboardFile = "";
				INFOPLIST_KEY_UISupportedInterfaceOrientations = "UIInterfaceOrientationPortrait UIInterfaceOrientationPortraitUpsideDown";
				IPHONEOS_DEPLOYMENT_TARGET = 18.0;
				LD_RUNPATH_SEARCH_PATHS = (
					"$(inherited)",
					"@executable_path/Frameworks",
				);
				MARKETING_VERSION = 1.0;
				OTHER_SWIFT_FLAGS = "$(inherited) -DCOCOAPODS -DORK_ENABLE_VIDEO";
				PRODUCT_BUNDLE_IDENTIFIER = com.todisco.StatusApp;
				PRODUCT_NAME = "$(TARGET_NAME)";
				SUPPORTED_PLATFORMS = "iphoneos iphonesimulator";
				SUPPORTS_MACCATALYST = NO;
				SUPPORTS_MAC_DESIGNED_FOR_IPHONE_IPAD = NO;
				SUPPORTS_XR_DESIGNED_FOR_IPHONE_IPAD = NO;
				SWIFT_EMIT_LOC_STRINGS = YES;
				SWIFT_VERSION = 5.0;
				TARGETED_DEVICE_FAMILY = "1,2";
			};
			name = Release;
		};
		65CD5C622D9C3C3F00F2CEB0 /* Debug */ = {
			isa = XCBuildConfiguration;
			buildSettings = {
				ALWAYS_SEARCH_USER_PATHS = NO;
				ASSETCATALOG_COMPILER_GENERATE_SWIFT_ASSET_SYMBOL_EXTENSIONS = YES;
				CLANG_ANALYZER_LOCALIZABILITY_NONLOCALIZED = YES;
				CLANG_ANALYZER_NONNULL = YES;
				CLANG_ANALYZER_NUMBER_OBJECT_CONVERSION = YES_AGGRESSIVE;
				CLANG_CXX_LANGUAGE_STANDARD = "gnu++20";
				CLANG_ENABLE_MODULES = YES;
				CLANG_ENABLE_OBJC_ARC = YES;
				CLANG_ENABLE_OBJC_WEAK = YES;
				CLANG_WARN_BLOCK_CAPTURE_AUTORELEASING = YES;
				CLANG_WARN_BOOL_CONVERSION = YES;
				CLANG_WARN_COMMA = YES;
				CLANG_WARN_CONSTANT_CONVERSION = YES;
				CLANG_WARN_DEPRECATED_OBJC_IMPLEMENTATIONS = YES;
				CLANG_WARN_DIRECT_OBJC_ISA_USAGE = YES_ERROR;
				CLANG_WARN_DOCUMENTATION_COMMENTS = YES;
				CLANG_WARN_EMPTY_BODY = YES;
				CLANG_WARN_ENUM_CONVERSION = YES;
				CLANG_WARN_INFINITE_RECURSION = YES;
				CLANG_WARN_INT_CONVERSION = YES;
				CLANG_WARN_NON_LITERAL_NULL_CONVERSION = YES;
				CLANG_WARN_OBJC_IMPLICIT_RETAIN_SELF = YES;
				CLANG_WARN_OBJC_LITERAL_CONVERSION = YES;
				CLANG_WARN_OBJC_ROOT_CLASS = YES_ERROR;
				CLANG_WARN_QUOTED_INCLUDE_IN_FRAMEWORK_HEADER = YES;
				CLANG_WARN_RANGE_LOOP_ANALYSIS = YES;
				CLANG_WARN_STRICT_PROTOTYPES = YES;
				CLANG_WARN_SUSPICIOUS_MOVE = YES;
				CLANG_WARN_UNGUARDED_AVAILABILITY = YES_AGGRESSIVE;
				CLANG_WARN_UNREACHABLE_CODE = YES;
				CLANG_WARN__DUPLICATE_METHOD_MATCH = YES;
				COPY_PHASE_STRIP = NO;
				DEBUG_INFORMATION_FORMAT = dwarf;
				ENABLE_STRICT_OBJC_MSGSEND = YES;
				ENABLE_TESTABILITY = YES;
				ENABLE_USER_SCRIPT_SANDBOXING = YES;
				GCC_C_LANGUAGE_STANDARD = gnu17;
				GCC_DYNAMIC_NO_PIC = NO;
				GCC_NO_COMMON_BLOCKS = YES;
				GCC_OPTIMIZATION_LEVEL = 0;
				GCC_PREPROCESSOR_DEFINITIONS = (
					"DEBUG=1",
					"$(inherited)",
				);
				GCC_WARN_64_TO_32_BIT_CONVERSION = YES;
				GCC_WARN_ABOUT_RETURN_TYPE = YES_ERROR;
				GCC_WARN_UNDECLARED_SELECTOR = YES;
				GCC_WARN_UNINITIALIZED_AUTOS = YES_AGGRESSIVE;
				GCC_WARN_UNUSED_FUNCTION = YES;
				GCC_WARN_UNUSED_VARIABLE = YES;
				IPHONEOS_DEPLOYMENT_TARGET = 18.0;
				LOCALIZATION_PREFERS_STRING_CATALOGS = YES;
				MTL_ENABLE_DEBUG_INFO = INCLUDE_SOURCE;
				MTL_FAST_MATH = YES;
				ONLY_ACTIVE_ARCH = YES;
				SDKROOT = iphoneos;
				SWIFT_ACTIVE_COMPILATION_CONDITIONS = "DEBUG $(inherited)";
				SWIFT_OPTIMIZATION_LEVEL = "-Onone";
			};
			name = Debug;
		};
		65CD5C632D9C3C3F00F2CEB0 /* Release */ = {
			isa = XCBuildConfiguration;
			buildSettings = {
				ALWAYS_SEARCH_USER_PATHS = NO;
				ASSETCATALOG_COMPILER_GENERATE_SWIFT_ASSET_SYMBOL_EXTENSIONS = YES;
				CLANG_ANALYZER_LOCALIZABILITY_NONLOCALIZED = YES;
				CLANG_ANALYZER_NONNULL = YES;
				CLANG_ANALYZER_NUMBER_OBJECT_CONVERSION = YES_AGGRESSIVE;
				CLANG_CXX_LANGUAGE_STANDARD = "gnu++20";
				CLANG_ENABLE_MODULES = YES;
				CLANG_ENABLE_OBJC_ARC = YES;
				CLANG_ENABLE_OBJC_WEAK = YES;
				CLANG_WARN_BLOCK_CAPTURE_AUTORELEASING = YES;
				CLANG_WARN_BOOL_CONVERSION = YES;
				CLANG_WARN_COMMA = YES;
				CLANG_WARN_CONSTANT_CONVERSION = YES;
				CLANG_WARN_DEPRECATED_OBJC_IMPLEMENTATIONS = YES;
				CLANG_WARN_DIRECT_OBJC_ISA_USAGE = YES_ERROR;
				CLANG_WARN_DOCUMENTATION_COMMENTS = YES;
				CLANG_WARN_EMPTY_BODY = YES;
				CLANG_WARN_ENUM_CONVERSION = YES;
				CLANG_WARN_INFINITE_RECURSION = YES;
				CLANG_WARN_INT_CONVERSION = YES;
				CLANG_WARN_NON_LITERAL_NULL_CONVERSION = YES;
				CLANG_WARN_OBJC_IMPLICIT_RETAIN_SELF = YES;
				CLANG_WARN_OBJC_LITERAL_CONVERSION = YES;
				CLANG_WARN_OBJC_ROOT_CLASS = YES_ERROR;
				CLANG_WARN_QUOTED_INCLUDE_IN_FRAMEWORK_HEADER = YES;
				CLANG_WARN_RANGE_LOOP_ANALYSIS = YES;
				CLANG_WARN_STRICT_PROTOTYPES = YES;
				CLANG_WARN_SUSPICIOUS_MOVE = YES;
				CLANG_WARN_UNGUARDED_AVAILABILITY = YES_AGGRESSIVE;
				CLANG_WARN_UNREACHABLE_CODE = YES;
				CLANG_WARN__DUPLICATE_METHOD_MATCH = YES;
				COPY_PHASE_STRIP = NO;
				DEBUG_INFORMATION_FORMAT = "dwarf-with-dsym";
				ENABLE_NS_ASSERTIONS = NO;
				ENABLE_STRICT_OBJC_MSGSEND = YES;
				ENABLE_USER_SCRIPT_SANDBOXING = YES;
				GCC_C_LANGUAGE_STANDARD = gnu17;
				GCC_NO_COMMON_BLOCKS = YES;
				GCC_WARN_64_TO_32_BIT_CONVERSION = YES;
				GCC_WARN_ABOUT_RETURN_TYPE = YES_ERROR;
				GCC_WARN_UNDECLARED_SELECTOR = YES;
				GCC_WARN_UNINITIALIZED_AUTOS = YES_AGGRESSIVE;
				GCC_WARN_UNUSED_FUNCTION = YES;
				GCC_WARN_UNUSED_VARIABLE = YES;
				IPHONEOS_DEPLOYMENT_TARGET = 18.0;
				LOCALIZATION_PREFERS_STRING_CATALOGS = YES;
				MTL_ENABLE_DEBUG_INFO = NO;
				MTL_FAST_MATH = YES;
				SDKROOT = iphoneos;
				SWIFT_COMPILATION_MODE = wholemodule;
				VALIDATE_PRODUCT = YES;
			};
			name = Release;
		};
/* End XCBuildConfiguration section */

/* Begin XCConfigurationList section */
		65CD5C472D9C3C3F00F2CEB0 /* Build configuration list for PBXProject "StatusApp" */ = {
			isa = XCConfigurationList;
			buildConfigurations = (
				65CD5C622D9C3C3F00F2CEB0 /* Debug */,
				65CD5C632D9C3C3F00F2CEB0 /* Release */,
			);
			defaultConfigurationIsVisible = 0;
			defaultConfigurationName = Release;
		};
		65CD5C5F2D9C3C3F00F2CEB0 /* Build configuration list for PBXNativeTarget "StatusApp" */ = {
			isa = XCConfigurationList;
			buildConfigurations = (
				65CD5C602D9C3C3F00F2CEB0 /* Debug */,
				65CD5C612D9C3C3F00F2CEB0 /* Release */,
			);
			defaultConfigurationIsVisible = 0;
			defaultConfigurationName = Release;
		};
/* End XCConfigurationList section */
	};
	rootObject = 65CD5C442D9C3C3F00F2CEB0 /* Project object */;
}
